Microsoft Visual Studio Solution File, Format Version 12.00
# Visual Studio 2012
Project("{FAE04EC0-301F-11D3-BF4B-00C04F79EFBC}") = "A Star Pathfinding", "A Star Pathfinding.csproj", "{2A5C2A07-2F71-4FF4-9011-7BC224894C98}"
EndProject
Global
	GlobalSection(SolutionConfigurationPlatforms) = preSolution
	Debug|Any CPU = Debug|Any CPU
	ExportDebug|Any CPU = ExportDebug|Any CPU
	ExportRelease|Any CPU = ExportRelease|Any CPU
	EndGlobalSection
	GlobalSection(ProjectConfigurationPlatforms) = postSolution
		{2A5C2A07-2F71-4FF4-9011-7BC224894C98}.Debug|Any CPU.ActiveCfg = Debug|Any CPU
		{2A5C2A07-2F71-4FF4-9011-7BC224894C98}.Debug|Any CPU.Build.0 = Debug|Any CPU
		{2A5C2A07-2F71-4FF4-9011-7BC224894C98}.ExportDebug|Any CPU.ActiveCfg = ExportDebug|Any CPU
		{2A5C2A07-2F71-4FF4-9011-7BC224894C98}.ExportDebug|Any CPU.Build.0 = ExportDebug|Any CPU
		{2A5C2A07-2F71-4FF4-9011-7BC224894C98}.ExportRelease|Any CPU.ActiveCfg = ExportRelease|Any CPU
		{2A5C2A07-2F71-4FF4-9011-7BC224894C98}.ExportRelease|Any CPU.Build.0 = ExportRelease|Any CPU
	EndGlobalSection
EndGlobal
